
Microsoft Visual Studio Solution File, Format Version 12.00
# Visual Studio 2013
VisualStudioVersion = 12.0.21005.1
MinimumVisualStudioVersion = 10.0.40219.1
Project("{8BC9CEB8-8B4A-11D0-8D11-00A0C91BC942}") = "mavlinkSend", "..\..\..\mavlinkSend\mavlinkSend.vcxproj", "{D4B07906-CC20-498B-94DC-6C618D361B66}"
EndProject
Project("{8BC9CEB8-8B4A-11D0-8D11-00A0C91BC942}") = "DeviceExample", "DeviceExample.vcxproj", "{43FDFB21-03D2-44B1-AB6E-4A4112BE98A9}"
EndProject
Global
	GlobalSection(SolutionConfigurationPlatforms) = preSolution
		Debug|Win32 = Debug|Win32
		Release|Win32 = Release|Win32
	EndGlobalSection
	GlobalSection(ProjectConfigurationPlatforms) = postSolution
		{D4B07906-CC20-498B-94DC-6C618D361B66}.Debug|Win32.ActiveCfg = Debug|Win32
		{D4B07906-CC20-498B-94DC-6C618D361B66}.Release|Win32.ActiveCfg = Release|Win32
		{D4B07906-CC20-498B-94DC-6C618D361B66}.Release|Win32.Build.0 = Release|Win32
		{43FDFB21-03D2-44B1-AB6E-4A4112BE98A9}.Debug|Win32.ActiveCfg = Debug|Win32
		{43FDFB21-03D2-44B1-AB6E-4A4112BE98A9}.Debug|Win32.Build.0 = Debug|Win32
		{43FDFB21-03D2-44B1-AB6E-4A4112BE98A9}.Release|Win32.ActiveCfg = Release|Win32
		{43FDFB21-03D2-44B1-AB6E-4A4112BE98A9}.Release|Win32.Build.0 = Release|Win32
	EndGlobalSection
	GlobalSection(SolutionProperties) = preSolution
		HideSolutionNode = FALSE
	EndGlobalSection
EndGlobal
